
Microsoft Visual Studio Solution File, Format Version 12.00
# Visual Studio Version 17
VisualStudioVersion = 17.7.34031.279
MinimumVisualStudioVersion = 10.0.40219.1
Project("{FAE04EC0-301F-11D3-BF4B-00C04F79EFBC}") = "MauiApp20230919", "MauiApp20230919\MauiApp20230919.csproj", "{9EDD6270-43B0-479C-8E2C-278E0F3E684F}"
EndProject
Global
	GlobalSection(SolutionConfigurationPlatforms) = preSolution
		Debug|Any CPU = Debug|Any CPU
		Release|Any CPU = Release|Any CPU
	EndGlobalSection
	GlobalSection(ProjectConfigurationPlatforms) = postSolution
		{9EDD6270-43B0-479C-8E2C-278E0F3E684F}.Debug|Any CPU.ActiveCfg = Debug|Any CPU
		{9EDD6270-43B0-479C-8E2C-278E0F3E684F}.Debug|Any CPU.Build.0 = Debug|Any CPU
		{9EDD6270-43B0-479C-8E2C-278E0F3E684F}.Debug|Any CPU.Deploy.0 = Debug|Any CPU
		{9EDD6270-43B0-479C-8E2C-278E0F3E684F}.Release|Any CPU.ActiveCfg = Release|Any CPU
		{9EDD6270-43B0-479C-8E2C-278E0F3E684F}.Release|Any CPU.Build.0 = Release|Any CPU
		{9EDD6270-43B0-479C-8E2C-278E0F3E684F}.Release|Any CPU.Deploy.0 = Release|Any CPU
	EndGlobalSection
	GlobalSection(SolutionProperties) = preSolution
		HideSolutionNode = FALSE
	EndGlobalSection
	GlobalSection(ExtensibilityGlobals) = postSolution
		SolutionGuid = {828A80D1-086B-4C27-9A82-6A0C89115E2C}
	EndGlobalSection
EndGlobal
